{
  "name": "manhua",
  "version": "1.0.0",
  "lockfileVersion": 1,
  "requires": true,
  "dependencies": {
    "@vant/weapp": {
      "version": "1.8.4",
      "resolved": "https://registry.nlark.com/@vant/weapp/download/@vant/weapp-1.8.4.tgz",
      "integrity": "sha1-h3A274kpHLLayeKz42l3QkOViKI="
    }
  }
}
